
Microsoft Visual Studio Solution File, Format Version 12.00
# Visual Studio Version 16
VisualStudioVersion = 16.0.30804.86
MinimumVisualStudioVersion = 10.0.40219.1
Project("{FAE04EC0-301F-11D3-BF4B-00C04F79EFBC}") = "Hydrogen_atom_final", "Hydrogen_atom_final.csproj", "{A05A36B9-E018-4155-AADC-5D29DA14014E}"
EndProject
Global
	GlobalSection(SolutionConfigurationPlatforms) = preSolution
		Debug|Any CPU = Debug|Any CPU
		Release|Any CPU = Release|Any CPU
	EndGlobalSection
	GlobalSection(ProjectConfigurationPlatforms) = postSolution
		{A05A36B9-E018-4155-AADC-5D29DA14014E}.Debug|Any CPU.ActiveCfg = Debug|Any CPU
		{A05A36B9-E018-4155-AADC-5D29DA14014E}.Debug|Any CPU.Build.0 = Debug|Any CPU
		{A05A36B9-E018-4155-AADC-5D29DA14014E}.Release|Any CPU.ActiveCfg = Release|Any CPU
		{A05A36B9-E018-4155-AADC-5D29DA14014E}.Release|Any CPU.Build.0 = Release|Any CPU
	EndGlobalSection
	GlobalSection(SolutionProperties) = preSolution
		HideSolutionNode = FALSE
	EndGlobalSection
	GlobalSection(ExtensibilityGlobals) = postSolution
		SolutionGuid = {2507AFED-C738-4C3D-962A-C34ACC0FAA9E}
	EndGlobalSection
EndGlobal
